# THIS IS AN AUTOGENERATED FILE. DO NOT EDIT THIS FILE DIRECTLY.
# yarn lockfile v1


"@bower_components/angular-block-ui@McNull/angular-block-ui#^0.2.2":
  version "0.2.2"
  resolved "https://codeload.github.com/McNull/angular-block-ui/tar.gz/0d01eee67a6f8b0fd6beeaf16f950d1870842702"

"@bower_components/angular-bootstrap@angular-ui/bootstrap-bower#^2.5.0":
  version "2.5.0"
  resolved "https://codeload.github.com/angular-ui/bootstrap-bower/tar.gz/752d6a79f500391a7efb06d80f37405c920a6f2b"

"@bower_components/angular-chart.js@jtblin/angular-chart.js#^1.1.1":
  version "1.1.1"
  resolved "https://codeload.github.com/jtblin/angular-chart.js/tar.gz/74c95397d39fb7424aa245badebe92bc6f9248f5"
  dependencies:
    angular "1.x"
    chart.js "2.3.x"

"@bower_components/angular-cookies@angular/bower-angular-cookies#^1.6.4":
  version "1.7.8"
  resolved "https://codeload.github.com/angular/bower-angular-cookies/tar.gz/2fb912dc7077e7172b4192e8ac05e7e6632b7da6"

"@bower_components/angular-daterangepicker@fragaria/angular-daterangepicker#^0.2.2":
  version "0.2.2"
  resolved "https://codeload.github.com/fragaria/angular-daterangepicker/tar.gz/82f904a53b5cc513375de9059d6d3abc1cd370ed"

"@bower_components/angular-google-maps@angular-ui/angular-google-maps#^2.4.1":
  version "2.4.1"
  resolved "https://codeload.github.com/angular-ui/angular-google-maps/tar.gz/4b1c1ff0ac1ce1c5987ab25e507b933feb061d3c"
  dependencies:
    angular "1.2 - 1.6"
    angular-simple-logger ">=0.0.1"
    google-maps-utility-library-v3-infobox "1.1.14"
    google-maps-utility-library-v3-keydragzoom "2.0.9"
    google-maps-utility-library-v3-markerwithlabel "git://github.com/nmccready/google-maps-utility-library-v3-markerwithlabel.git"
    js-rich-marker "git://github.com/MikaFima/js-rich-marker.git#0383f4bbdad4ddf154772fedbdd27e464600e943"
    lodash "3.X - 4.X"
    markerclustererplus "2.1.4"

"@bower_components/angular-resource@angular/bower-angular-resource#^1.6.4":
  version "1.7.8"
  resolved "https://codeload.github.com/angular/bower-angular-resource/tar.gz/9f76caf807fa52011d77b96205b283212b6b1755"

"@bower_components/angular-simple-logger@nmccready/angular-simple-logger#>=0.0.1":
  version "0.1.7"
  resolved "https://codeload.github.com/nmccready/angular-simple-logger/tar.gz/bd15d5a9875761c9564d0c82698460980bca4c9a"
  dependencies:
    angular "^1.2"
    debug "^2.2.0"

"@bower_components/angular-slugify@paulsmith/angular-slugify#^1.0.1":
  version "1.0.1"
  resolved "https://codeload.github.com/paulsmith/angular-slugify/tar.gz/eff9ecc3c1234c9dd22bed8b647508f19d25c978"
  dependencies:
    angular "^1.0.x"

"@bower_components/angular-toArrayFilter@petebacondarwin/angular-toArrayFilter#^1.0.1":
  version "1.0.3"
  resolved "https://codeload.github.com/petebacondarwin/angular-toArrayFilter/tar.gz/9715ece12f759a76070ed51f24c953e08d714633"

"@bower_components/angular@angular/bower-angular#^1.2.17":
  version "1.7.8"
  resolved "https://codeload.github.com/angular/bower-angular/tar.gz/56690b5e545ad36d04e369a65171de1adbe3ce64"

"@bower_components/blockUI@malsup/blockui#*":
  version "0.0.0"
  resolved "https://codeload.github.com/malsup/blockui/tar.gz/316f6e5d76a33266970778e80507149d9ef6a02d"

"@bower_components/bootstrap-daterangepicker@dangrossman/bootstrap-daterangepicker#^2.0.0":
  version "2.1.27"
  resolved "https://codeload.github.com/dangrossman/bootstrap-daterangepicker/tar.gz/d4aabfbceaf57117e1af33f3f82e92162719eee9"
  dependencies:
    jquery ">=1.10"
    moment "^2.9.0"

"@bower_components/bootstrap-sass@twbs/bootstrap-sass#^3.3.7":
  version "3.4.1"
  resolved "https://codeload.github.com/twbs/bootstrap-sass/tar.gz/b34765d8a6aa775816c59012b2d6b30c4c66a8e9"

"@bower_components/bootstrap@twbs/bootstrap#^3.0.0":
  version "3.4.1"
  resolved "https://codeload.github.com/twbs/bootstrap/tar.gz/68b0d231a13201eb14acd3dc84e51543d16e5f7e"

"@bower_components/chart.js@chartjs/Chart.js#2.x":
  version "2.8.0"
  resolved "https://codeload.github.com/chartjs/Chart.js/tar.gz/947d8a7ccfbfc76dd9d384ea75436fa4a7aeefb1"
  dependencies:
    chartjs-color "^2.1.0"
    moment "^2.10.2"

"@bower_components/font-awesome@FortAwesome/Font-Awesome#^4.7.0":
  version "4.7.0"
  resolved "https://codeload.github.com/FortAwesome/Font-Awesome/tar.gz/a8386aae19e200ddb0f6845b5feeee5eb7013687"

"@bower_components/google-maps-utility-library-v3-infobox@nmccready/google-maps-utility-library-v3-infobox#^1.1.14":
  version "1.1.14"
  resolved "https://codeload.github.com/nmccready/google-maps-utility-library-v3-infobox/tar.gz/5e5ee5079c49f7f1e789d2a5a8ba144b6a7a778c"
  dependencies:
    coffee-script "1.10.0"

"@bower_components/google-maps-utility-library-v3-keydragzoom@nmccready/google-maps-utility-library-v3-keydragzoom#^2.0.9":
  version "2.0.9"
  resolved "https://codeload.github.com/nmccready/google-maps-utility-library-v3-keydragzoom/tar.gz/fbe9742a9190064f682e725491fa3e1333ad4e04"
  dependencies:
    coffee-script "1.10.0"

"@bower_components/google-maps-utility-library-v3-markerwithlabel@git://github.com/nmccready/google-maps-utility-library-v3-markerwithlabel.git#*":
  version "1.1.10"
  resolved "git://github.com/nmccready/google-maps-utility-library-v3-markerwithlabel.git#1449782ad82059d761c648b862bae444cc15ee5c"

"@bower_components/html5shiv@aFarkas/html5shiv#^3.7.3":
  version "3.7.3"
  resolved "https://codeload.github.com/aFarkas/html5shiv/tar.gz/ed28c56c071bddfe7d635ad88995674957a016be"

"@bower_components/jquery@jquery/jquery-dist#>=1.7":
  version "3.4.1"
  resolved "https://codeload.github.com/jquery/jquery-dist/tar.gz/15bc73803f76bc53b654b9fdbbbc096f56d7c03d"

"@bower_components/js-rich-marker@ashsidhu/js-rich-marker#*":
  version "0.0.0"
  resolved "https://codeload.github.com/ashsidhu/js-rich-marker/tar.gz/2c655e82d95fb809d66c4de93f0dab845508aebe"

"@bower_components/lodash@lodash/lodash#3.X - 4.X":
  version "4.17.11"
  resolved "https://codeload.github.com/lodash/lodash/tar.gz/0843bd46ef805dd03c0c8d804630804f3ba0ca3c"

"@bower_components/markerclustererplus@mahnunchik/markerclustererplus#^2.1.4":
  version "2.1.4"
  resolved "https://codeload.github.com/mahnunchik/markerclustererplus/tar.gz/736b0e3a7d916fbeb2ee5007494f17a5329b11a8"

"@bower_components/moment@moment/moment#>=2.9.0":
  version "2.24.0"
  resolved "https://codeload.github.com/moment/moment/tar.gz/96d0d6791ab495859d09a868803d31a55c917de1"

"@bower_components/ngmap@allenhwkim/angularjs-google-maps#^1.18.4":
  version "1.18.4"
  resolved "https://codeload.github.com/allenhwkim/angularjs-google-maps/tar.gz/1738710f34d80e9542583fdfe18829f66e4d88fc"

"@bower_components/respond@scottjehl/Respond#^1.4.2":
  version "1.4.2"
  resolved "https://codeload.github.com/scottjehl/Respond/tar.gz/20b7f4a192bb910c8c7e067b961de38519d334e4"

"@bower_components/underscore@jashkenas/underscore#^1.8.3":
  version "1.9.1"
  resolved "https://codeload.github.com/jashkenas/underscore/tar.gz/ae037f7c41323807ae6f1533c45512e6d31a1574"

angular-simple-logger@>=0.0.1:
  version "0.1.7"
  resolved "https://registry.yarnpkg.com/angular-simple-logger/-/angular-simple-logger-0.1.7.tgz#4ae48e5eac0973f577845918e56d4933cf66f041"
  integrity sha1-SuSOXqwJc/V3hFkY5W1JM89m8EE=
  dependencies:
    angular "^1.2"
    debug "^2.2.0"

"angular@1.2 - 1.6":
  version "1.6.10"
  resolved "https://registry.yarnpkg.com/angular/-/angular-1.6.10.tgz#eed3080a34d29d0f681ff119b18ce294e3f74826"
  integrity sha512-PCZ5/hVdvPQiYyH0VwsPjrErPHRcITnaXxhksceOXgtJeesKHLA7KDu4X/yvcAi+1zdGgGF+9pDxkJvghXI9Wg==

angular@1.x, angular@^1.0.x, angular@^1.2:
  version "1.7.8"
  resolved "https://registry.yarnpkg.com/angular/-/angular-1.7.8.tgz#b77ede272ce1b261e3be30c1451a0b346905a3c9"
  integrity sha512-wtef/y4COxM7ZVhddd7JtAAhyYObq9YXKar9tsW7558BImeVYteJiTxCKeJOL45lJ/+7B4wrAC49j8gTFYEthg==

chart.js@2.3.x:
  version "2.3.0"
  resolved "https://registry.yarnpkg.com/chart.js/-/chart.js-2.3.0.tgz#40460e48e2c417c05fc3325cd84f7b000dc7d7d6"
  integrity sha1-QEYOSOLEF8BfwzJc2E97AA3H19Y=
  dependencies:
    chartjs-color "^2.0.0"
    moment "^2.10.6"

chartjs-color-string@^0.6.0:
  version "0.6.0"
  resolved "https://registry.yarnpkg.com/chartjs-color-string/-/chartjs-color-string-0.6.0.tgz#1df096621c0e70720a64f4135ea171d051402f71"
  integrity sha512-TIB5OKn1hPJvO7JcteW4WY/63v6KwEdt6udfnDE9iCAZgy+V4SrbSxoIbTw/xkUIapjEI4ExGtD0+6D3KyFd7A==
  dependencies:
    color-name "^1.0.0"

chartjs-color@^2.0.0, chartjs-color@^2.1.0:
  version "2.3.0"
  resolved "https://registry.yarnpkg.com/chartjs-color/-/chartjs-color-2.3.0.tgz#0e7e1e8dba37eae8415fd3db38bf572007dd958f"
  integrity sha512-hEvVheqczsoHD+fZ+tfPUE+1+RbV6b+eksp2LwAhwRTVXEjCSEavvk+Hg3H6SZfGlPh/UfmWKGIvZbtobOEm3g==
  dependencies:
    chartjs-color-string "^0.6.0"
    color-convert "^0.5.3"

coffee-script@1.10.0:
  version "1.10.0"
  resolved "https://registry.yarnpkg.com/coffee-script/-/coffee-script-1.10.0.tgz#12938bcf9be1948fa006f92e0c4c9e81705108c0"
  integrity sha1-EpOLz5vhlI+gBvkuDEyegXBRCMA=

color-convert@^0.5.3:
  version "0.5.3"
  resolved "https://registry.yarnpkg.com/color-convert/-/color-convert-0.5.3.tgz#bdb6c69ce660fadffe0b0007cc447e1b9f7282bd"
  integrity sha1-vbbGnOZg+t/+CwAHzER+G59ygr0=

color-name@^1.0.0:
  version "1.1.4"
  resolved "https://registry.yarnpkg.com/color-name/-/color-name-1.1.4.tgz#c2a09a87acbde69543de6f63fa3995c826c536a2"
  integrity sha512-dOy+3AuW3a2wNbZHIuMZpTcgjGuLU/uBL/ubcZF9OXbDo8ff4O8yVp5Bf0efS8uEoYo5q4Fx7dY9OgQGXgAsQA==

debug@^2.2.0:
  version "2.6.9"
  resolved "https://registry.yarnpkg.com/debug/-/debug-2.6.9.tgz#5d128515df134ff327e90a4c93f4e077a536341f"
  integrity sha512-bC7ElrdJaJnPbAP+1EotYvqZsb3ecl5wi6Bfi6BJTUcNowp6cvspg0jXznRTKDjm/E7AdgFBVeAPVMNcKGsHMA==
  dependencies:
    ms "2.0.0"

google-maps-utility-library-v3-infobox@1.1.14:
  version "1.1.14"
  resolved "https://registry.yarnpkg.com/google-maps-utility-library-v3-infobox/-/google-maps-utility-library-v3-infobox-1.1.14.tgz#69c888cef8bff869c32275e3413d90cc09392914"
  integrity sha1-aciIzvi/+GnDInXjQT2QzAk5KRQ=
  dependencies:
    coffee-script "1.10.0"

google-maps-utility-library-v3-keydragzoom@2.0.9:
  version "2.0.9"
  resolved "https://registry.yarnpkg.com/google-maps-utility-library-v3-keydragzoom/-/google-maps-utility-library-v3-keydragzoom-2.0.9.tgz#2dfa05fed2976d82fc1cc39fcc6175c01ec06477"
  integrity sha1-LfoF/tKXbYL8HMOfzGF1wB7AZHc=
  dependencies:
    coffee-script "1.10.0"

"google-maps-utility-library-v3-markerwithlabel@git://github.com/nmccready/google-maps-utility-library-v3-markerwithlabel.git":
  version "1.1.10"
  resolved "git://github.com/nmccready/google-maps-utility-library-v3-markerwithlabel.git#1e1ae841596ce41fb5cfaff301477393c5621d3d"

jquery@>=1.10:
  version "3.4.1"
  resolved "https://registry.yarnpkg.com/jquery/-/jquery-3.4.1.tgz#714f1f8d9dde4bdfa55764ba37ef214630d80ef2"
  integrity sha512-36+AdBzCL+y6qjw5Tx7HgzeGCzC81MDDgaUP8ld2zhx58HdqXGoBd+tHdrBMiyjGQs0Hxs/MLZTu/eHNJJuWPw==

"js-rich-marker@git://github.com/MikaFima/js-rich-marker.git#0383f4bbdad4ddf154772fedbdd27e464600e943":
  version "1.0.0"
  resolved "git://github.com/MikaFima/js-rich-marker.git#0383f4bbdad4ddf154772fedbdd27e464600e943"

"lodash@3.X - 4.X":
  version "4.17.11"
  resolved "https://registry.yarnpkg.com/lodash/-/lodash-4.17.11.tgz#b39ea6229ef607ecd89e2c8df12536891cac9b8d"
  integrity sha512-cQKh8igo5QUhZ7lg38DYWAxMvjSAKG0A8wGSVimP07SIUEK2UO+arSRKbRZWtelMtN5V0Hkwh5ryOto/SshYIg==

markerclustererplus@2.1.4:
  version "2.1.4"
  resolved "https://registry.yarnpkg.com/markerclustererplus/-/markerclustererplus-2.1.4.tgz#901225180dd5d5fc0827753a18eee35afcf9c4f7"
  integrity sha1-kBIlGA3V1fwIJ3U6GO7jWvz5xPc=

moment@^2.10.2, moment@^2.10.6, moment@^2.9.0:
  version "2.24.0"
  resolved "https://registry.yarnpkg.com/moment/-/moment-2.24.0.tgz#0d055d53f5052aa653c9f6eb68bb5d12bf5c2b5b"
  integrity sha512-bV7f+6l2QigeBBZSM/6yTNq4P2fNpSWj/0e7jQcy87A8e7o2nAfP/34/2ky5Vw4B9S446EtIhodAzkFCcR4dQg==

ms@2.0.0:
  version "2.0.0"
  resolved "https://registry.yarnpkg.com/ms/-/ms-2.0.0.tgz#5608aeadfc00be6c2901df5f9861788de0d597c8"
  integrity sha1-VgiurfwAvmwpAd9fmGF4jeDVl8g=
